{
    "_readme": [
        "This file locks the dependencies of your project to a known state",
        "Read more about it at http://getcomposer.org/doc/01-basic-usage.md#composer-lock-the-lock-file",
        "This file is @generated automatically"
    ],
    "hash": "021852d7d5a27bc2382f5d873ee982d7",
    "packages": [
        {
            "name": "symfony/console",
            "version": "v2.5.2",
            "target-dir": "Symfony/Component/Console",
            "source": {
                "type": "git",
                "url": "https://github.com/symfony/Console.git",
                "reference": "386fa63407805959bd2c5fe540294721ad4224c8"
            },
            "dist": {
                "type": "zip",
                "url": "https://api.github.com/repos/symfony/Console/zipball/386fa63407805959bd2c5fe540294721ad4224c8",
                "reference": "386fa63407805959bd2c5fe540294721ad4224c8",
                "shasum": ""
            },
            "require": {
                "php": ">=5.3.3"
            },
            "require-dev": {
                "psr/log": "~1.0",
                "symfony/event-dispatcher": "~2.1"
            },
            "suggest": {
                "psr/log": "For using the console logger",
                "symfony/event-dispatcher": ""
            },
            "type": "library",
            "extra": {
                "branch-alias": {
                    "dev-master": "2.5-dev"
                }
            },
            "autoload": {
                "psr-0": {
                    "Symfony\\Component\\Console\\": ""
                }
            },
            "notification-url": "https://packagist.org/downloads/",
            "license": [
                "MIT"
            ],
            "authors": [
                {
                    "name": "Fabien Potencier",
                    "email": "fabien@symfony.com",
                    "homepage": "http://fabien.potencier.org",
                    "role": "Lead Developer"
                },
                {
                    "name": "Symfony Community",
                    "homepage": "http://symfony.com/contributors"
                }
            ],
            "description": "Symfony Console Component",
            "homepage": "http://symfony.com",
            "time": "2014-07-15 14:15:12"
        },
        {
            "name": "symfony/process",
            "version": "v2.5.2",
            "target-dir": "Symfony/Component/Process",
            "source": {
                "type": "git",
                "url": "https://github.com/symfony/Process.git",
                "reference": "5e53efbf61a7fbf73c79e3e08feea50f64c20bfa"
            },
            "dist": {
                "type": "zip",
                "url": "https://api.github.com/repos/symfony/Process/zipball/5e53efbf61a7fbf73c79e3e08feea50f64c20bfa",
                "reference": "5e53efbf61a7fbf73c79e3e08feea50f64c20bfa",
                "shasum": ""
            },
            "require": {
                "php": ">=5.3.3"
            },
            "type": "library",
            "extra": {
                "branch-alias": {
                    "dev-master": "2.5-dev"
                }
            },
            "autoload": {
                "psr-0": {
                    "Symfony\\Component\\Process\\": ""
                }
            },
            "notification-url": "https://packagist.org/downloads/",
            "license": [
                "MIT"
            ],
            "authors": [
                {
                    "name": "Fabien Potencier",
                    "email": "fabien@symfony.com",
                    "homepage": "http://fabien.potencier.org",
                    "role": "Lead Developer"
                },
                {
                    "name": "Symfony Community",
                    "homepage": "http://symfony.com/contributors"
                }
            ],
            "description": "Symfony Process Component",
            "homepage": "http://symfony.com",
            "time": "2014-07-09 09:05:48"
        },
        {
            "name": "symfony/yaml",
            "version": "v2.5.2",
            "target-dir": "Symfony/Component/Yaml",
            "source": {
                "type": "git",
                "url": "https://github.com/symfony/Yaml.git",
                "reference": "f868ecdbcc0276b6158dfbf08b9e98ce07f014e1"
            },
            "dist": {
                "type": "zip",
                "url": "https://api.github.com/repos/symfony/Yaml/zipball/f868ecdbcc0276b6158dfbf08b9e98ce07f014e1",
                "reference": "f868ecdbcc0276b6158dfbf08b9e98ce07f014e1",
                "shasum": ""
            },
            "require": {
                "php": ">=5.3.3"
            },
            "type": "library",
            "extra": {
                "branch-alias": {
                    "dev-master": "2.5-dev"
                }
            },
            "autoload": {
                "psr-0": {
                    "Symfony\\Component\\Yaml\\": ""
                }
            },
            "notification-url": "https://packagist.org/downloads/",
            "license": [
                "MIT"
            ],
            "authors": [
                {
                    "name": "Fabien Potencier",
                    "email": "fabien@symfony.com",
                    "homepage": "http://fabien.potencier.org",
                    "role": "Lead Developer"
                },
                {
                    "name": "Symfony Community",
                    "homepage": "http://symfony.com/contributors"
                }
            ],
            "description": "Symfony Yaml Component",
            "homepage": "http://symfony.com",
            "time": "2014-07-09 09:05:48"
        },
        {
            "name": "vierbergenlars/php-semver",
            "version": "3.0.0-rc2",
            "source": {
                "type": "git",
                "url": "https://github.com/vierbergenlars/php-semver.git",
                "reference": "4dc35f3804f3b127ad557b8b2255c03204dec951"
            },
            "dist": {
                "type": "zip",
                "url": "https://api.github.com/repos/vierbergenlars/php-semver/zipball/4dc35f3804f3b127ad557b8b2255c03204dec951",
                "reference": "4dc35f3804f3b127ad557b8b2255c03204dec951",
                "shasum": ""
            },
            "require": {
                "php": ">=5.3.0"
            },
            "require-dev": {
                "simpletest/simpletest": "1.1.*"
            },
            "bin": [
                "bin/semver",
                "bin/update-versions"
            ],
            "type": "library",
            "autoload": {
                "psr-0": {
                    "vierbergenlars\\SemVer\\": "src/",
                    "vierbergenlars\\LibJs\\": "src/"
                },
                "classmap": [
                    "src/vierbergenlars/SemVer/internal.php"
                ]
            },
            "notification-url": "https://packagist.org/downloads/",
            "license": [
                "MIT"
            ],
            "authors": [
                {
                    "name": "Lars Vierbergen",
                    "email": "vierbergenlars@gmail.com"
                }
            ],
            "description": "The Semantic Versioner for PHP",
            "keywords": [
                "semantic",
                "semver",
                "versioning"
            ],
            "time": "2013-12-21 17:10:13"
        }
    ],
    "packages-dev": [

    ],
    "aliases": [

    ],
    "minimum-stability": "stable",
    "stability-flags": {
        "vierbergenlars/php-semver": 5
    },
    "platform": {
        "php": ">=5.3.3"
    },
    "platform-dev": [

    ]
}
